
Microsoft Visual Studio Solution File, Format Version 12.00
# Visual Studio Version 17
VisualStudioVersion = 17.7.34018.315
MinimumVisualStudioVersion = 10.0.40219.1
Project("{FAE04EC0-301F-11D3-BF4B-00C04F79EFBC}") = "Text-Based RPG Map - Nathan Peach", "Text-Based RPG Map - Nathan Peach\Text-Based RPG Map - Nathan Peach.csproj", "{AB87FF0C-2A42-4619-8334-5E863A1E20A5}"
EndProject
Global
	GlobalSection(SolutionConfigurationPlatforms) = preSolution
		Debug|Any CPU = Debug|Any CPU
		Release|Any CPU = Release|Any CPU
	EndGlobalSection
	GlobalSection(ProjectConfigurationPlatforms) = postSolution
		{AB87FF0C-2A42-4619-8334-5E863A1E20A5}.Debug|Any CPU.ActiveCfg = Debug|Any CPU
		{AB87FF0C-2A42-4619-8334-5E863A1E20A5}.Debug|Any CPU.Build.0 = Debug|Any CPU
		{AB87FF0C-2A42-4619-8334-5E863A1E20A5}.Release|Any CPU.ActiveCfg = Release|Any CPU
		{AB87FF0C-2A42-4619-8334-5E863A1E20A5}.Release|Any CPU.Build.0 = Release|Any CPU
	EndGlobalSection
	GlobalSection(SolutionProperties) = preSolution
		HideSolutionNode = FALSE
	EndGlobalSection
	GlobalSection(ExtensibilityGlobals) = postSolution
		SolutionGuid = {CBD09DA3-6EBD-4F8B-A484-7CA3CFB200DA}
	EndGlobalSection
EndGlobal
